
Microsoft Visual Studio Solution File, Format Version 12.00
# Visual Studio Version 17
VisualStudioVersion = 17.9.34616.47
MinimumVisualStudioVersion = 10.0.40219.1
Project("{FAE04EC0-301F-11D3-BF4B-00C04F79EFBC}") = "TheSweetSpot", "TheSweetSpot\TheSweetSpot.csproj", "{F8707BD7-7D92-42DA-818B-AF72AA1CD1BB}"
EndProject
Global
	GlobalSection(SolutionConfigurationPlatforms) = preSolution
		Debug|Any CPU = Debug|Any CPU
		Release|Any CPU = Release|Any CPU
	EndGlobalSection
	GlobalSection(ProjectConfigurationPlatforms) = postSolution
		{F8707BD7-7D92-42DA-818B-AF72AA1CD1BB}.Debug|Any CPU.ActiveCfg = Debug|Any CPU
		{F8707BD7-7D92-42DA-818B-AF72AA1CD1BB}.Debug|Any CPU.Build.0 = Debug|Any CPU
		{F8707BD7-7D92-42DA-818B-AF72AA1CD1BB}.Release|Any CPU.ActiveCfg = Release|Any CPU
		{F8707BD7-7D92-42DA-818B-AF72AA1CD1BB}.Release|Any CPU.Build.0 = Release|Any CPU
	EndGlobalSection
	GlobalSection(SolutionProperties) = preSolution
		HideSolutionNode = FALSE
	EndGlobalSection
	GlobalSection(ExtensibilityGlobals) = postSolution
		SolutionGuid = {37F381BF-169A-427A-AC0F-B6E8FCD65969}
	EndGlobalSection
EndGlobal
